
Microsoft Visual Studio Solution File, Format Version 12.00
# Visual Studio Version 17
VisualStudioVersion = 17.11.35208.52
MinimumVisualStudioVersion = 10.0.40219.1
Project("{FAE04EC0-301F-11D3-BF4B-00C04F79EFBC}") = "504570-Muhammad Fachrizal Giffari-ResponsiJuniorProject", "504570-Muhammad Fachrizal Giffari-ResponsiJuniorProject.csproj", "{9845FCD2-9BE1-4AFD-8752-8ECE5A5E1E5F}"
EndProject
Global
	GlobalSection(SolutionConfigurationPlatforms) = preSolution
		Debug|Any CPU = Debug|Any CPU
		Release|Any CPU = Release|Any CPU
	EndGlobalSection
	GlobalSection(ProjectConfigurationPlatforms) = postSolution
		{9845FCD2-9BE1-4AFD-8752-8ECE5A5E1E5F}.Debug|Any CPU.ActiveCfg = Debug|Any CPU
		{9845FCD2-9BE1-4AFD-8752-8ECE5A5E1E5F}.Debug|Any CPU.Build.0 = Debug|Any CPU
		{9845FCD2-9BE1-4AFD-8752-8ECE5A5E1E5F}.Release|Any CPU.ActiveCfg = Release|Any CPU
		{9845FCD2-9BE1-4AFD-8752-8ECE5A5E1E5F}.Release|Any CPU.Build.0 = Release|Any CPU
	EndGlobalSection
	GlobalSection(SolutionProperties) = preSolution
		HideSolutionNode = FALSE
	EndGlobalSection
	GlobalSection(ExtensibilityGlobals) = postSolution
		SolutionGuid = {3BE1D19F-CA6F-421A-9294-C1AE188C8D20}
	EndGlobalSection
EndGlobal
